
Microsoft Visual Studio Solution File, Format Version 12.00
# Visual Studio Version 16
VisualStudioVersion = 25.0.1706.12
MinimumVisualStudioVersion = 10.0.40219.1
Project("{2150E333-8FDC-42A3-9474-1A3956D46DE8}") = "1 - Application", "1 - Application", "{60D4E614-9D57-4415-9938-94BA2F43C150}"
EndProject
Project("{2150E333-8FDC-42A3-9474-1A3956D46DE8}") = "2 - Domain", "2 - Domain", "{3D448C91-E35A-4B84-B047-3201CF089C76}"
EndProject
Project("{2150E333-8FDC-42A3-9474-1A3956D46DE8}") = "3 - Service", "3 - Service", "{F2B6521F-BB50-4DFD-9CB3-744EEE20C29E}"
EndProject
Project("{2150E333-8FDC-42A3-9474-1A3956D46DE8}") = "4 - Infrastructure", "4 - Infrastructure", "{2F3FB754-DF38-4C69-B4C9-87D6E2188943}"
EndProject
Project("{FAE04EC0-301F-11D3-BF4B-00C04F79EFBC}") = "Websocket.API", "Websocket.API\Websocket.API.csproj", "{241BC9DA-BD4D-4CDD-AA74-19016864E034}"
EndProject
Project("{FAE04EC0-301F-11D3-BF4B-00C04F79EFBC}") = "WebSocket.Domain", "WebSocket.Domain\WebSocket.Domain.csproj", "{D02E5026-A4B1-4354-9C00-4DF4E377CE47}"
EndProject
Project("{FAE04EC0-301F-11D3-BF4B-00C04F79EFBC}") = "WebSocket.Service", "WebSocket.Service\WebSocket.Service.csproj", "{F5A3E55C-C310-4516-ABA7-536FBC6F38E5}"
EndProject
Project("{2150E333-8FDC-42A3-9474-1A3956D46DE8}") = "4.1 - Data", "4.1 - Data", "{4DF14490-0E6C-415A-B83D-D9934B9FF130}"
EndProject
Project("{2150E333-8FDC-42A3-9474-1A3956D46DE8}") = "4.2 - CrossCutting", "4.2 - CrossCutting", "{B3545034-DB01-41BA-8870-8A6CC42EF5C3}"
EndProject
Project("{FAE04EC0-301F-11D3-BF4B-00C04F79EFBC}") = "WebSocket.Infra.Data", "WebSocket.Infra.Data\WebSocket.Infra.Data.csproj", "{D4A88594-CEC2-42CF-A5F4-F42CFEC6FB58}"
EndProject
Project("{FAE04EC0-301F-11D3-BF4B-00C04F79EFBC}") = "WebSocket.Infra.CrossCutting", "WebSocket.Infra.CrossCutting\WebSocket.Infra.CrossCutting.csproj", "{0585F157-B770-415D-AC2C-FCAA4960AFE4}"
EndProject
Global
	GlobalSection(SolutionConfigurationPlatforms) = preSolution
		Debug|Any CPU = Debug|Any CPU
		Release|Any CPU = Release|Any CPU
	EndGlobalSection
	GlobalSection(ProjectConfigurationPlatforms) = postSolution
		{241BC9DA-BD4D-4CDD-AA74-19016864E034}.Debug|Any CPU.ActiveCfg = Debug|Any CPU
		{241BC9DA-BD4D-4CDD-AA74-19016864E034}.Debug|Any CPU.Build.0 = Debug|Any CPU
		{241BC9DA-BD4D-4CDD-AA74-19016864E034}.Release|Any CPU.ActiveCfg = Release|Any CPU
		{241BC9DA-BD4D-4CDD-AA74-19016864E034}.Release|Any CPU.Build.0 = Release|Any CPU
		{D02E5026-A4B1-4354-9C00-4DF4E377CE47}.Debug|Any CPU.ActiveCfg = Debug|Any CPU
		{D02E5026-A4B1-4354-9C00-4DF4E377CE47}.Debug|Any CPU.Build.0 = Debug|Any CPU
		{D02E5026-A4B1-4354-9C00-4DF4E377CE47}.Release|Any CPU.ActiveCfg = Release|Any CPU
		{D02E5026-A4B1-4354-9C00-4DF4E377CE47}.Release|Any CPU.Build.0 = Release|Any CPU
		{F5A3E55C-C310-4516-ABA7-536FBC6F38E5}.Debug|Any CPU.ActiveCfg = Debug|Any CPU
		{F5A3E55C-C310-4516-ABA7-536FBC6F38E5}.Debug|Any CPU.Build.0 = Debug|Any CPU
		{F5A3E55C-C310-4516-ABA7-536FBC6F38E5}.Release|Any CPU.ActiveCfg = Release|Any CPU
		{F5A3E55C-C310-4516-ABA7-536FBC6F38E5}.Release|Any CPU.Build.0 = Release|Any CPU
		{D4A88594-CEC2-42CF-A5F4-F42CFEC6FB58}.Debug|Any CPU.ActiveCfg = Debug|Any CPU
		{D4A88594-CEC2-42CF-A5F4-F42CFEC6FB58}.Debug|Any CPU.Build.0 = Debug|Any CPU
		{D4A88594-CEC2-42CF-A5F4-F42CFEC6FB58}.Release|Any CPU.ActiveCfg = Release|Any CPU
		{D4A88594-CEC2-42CF-A5F4-F42CFEC6FB58}.Release|Any CPU.Build.0 = Release|Any CPU
		{0585F157-B770-415D-AC2C-FCAA4960AFE4}.Debug|Any CPU.ActiveCfg = Debug|Any CPU
		{0585F157-B770-415D-AC2C-FCAA4960AFE4}.Debug|Any CPU.Build.0 = Debug|Any CPU
		{0585F157-B770-415D-AC2C-FCAA4960AFE4}.Release|Any CPU.ActiveCfg = Release|Any CPU
		{0585F157-B770-415D-AC2C-FCAA4960AFE4}.Release|Any CPU.Build.0 = Release|Any CPU
	EndGlobalSection
	GlobalSection(SolutionProperties) = preSolution
		HideSolutionNode = FALSE
	EndGlobalSection
	GlobalSection(ExtensibilityGlobals) = postSolution
		SolutionGuid = {459803B7-9DE7-4E45-872B-92A864AE0F20}
	EndGlobalSection
	GlobalSection(NestedProjects) = preSolution
		{241BC9DA-BD4D-4CDD-AA74-19016864E034} = {60D4E614-9D57-4415-9938-94BA2F43C150}
		{D02E5026-A4B1-4354-9C00-4DF4E377CE47} = {3D448C91-E35A-4B84-B047-3201CF089C76}
		{F5A3E55C-C310-4516-ABA7-536FBC6F38E5} = {F2B6521F-BB50-4DFD-9CB3-744EEE20C29E}
		{4DF14490-0E6C-415A-B83D-D9934B9FF130} = {2F3FB754-DF38-4C69-B4C9-87D6E2188943}
		{B3545034-DB01-41BA-8870-8A6CC42EF5C3} = {2F3FB754-DF38-4C69-B4C9-87D6E2188943}
		{D4A88594-CEC2-42CF-A5F4-F42CFEC6FB58} = {4DF14490-0E6C-415A-B83D-D9934B9FF130}
		{0585F157-B770-415D-AC2C-FCAA4960AFE4} = {B3545034-DB01-41BA-8870-8A6CC42EF5C3}
	EndGlobalSection
EndGlobal
